
Microsoft Visual Studio Solution File, Format Version 12.00
# Visual Studio Version 16
VisualStudioVersion = 16.0.31729.503
MinimumVisualStudioVersion = 10.0.40219.1
Project("{FAE04EC0-301F-11D3-BF4B-00C04F79EFBC}") = "WebApp", "WebApp\WebApp.csproj", "{36F7A09C-65F5-4CFA-8539-A50AC86A2484}"
EndProject
Global
	GlobalSection(SolutionConfigurationPlatforms) = preSolution
		Debug|Any CPU = Debug|Any CPU
		Release|Any CPU = Release|Any CPU
	EndGlobalSection
	GlobalSection(ProjectConfigurationPlatforms) = postSolution
		{36F7A09C-65F5-4CFA-8539-A50AC86A2484}.Debug|Any CPU.ActiveCfg = Debug|Any CPU
		{36F7A09C-65F5-4CFA-8539-A50AC86A2484}.Debug|Any CPU.Build.0 = Debug|Any CPU
		{36F7A09C-65F5-4CFA-8539-A50AC86A2484}.Release|Any CPU.ActiveCfg = Release|Any CPU
		{36F7A09C-65F5-4CFA-8539-A50AC86A2484}.Release|Any CPU.Build.0 = Release|Any CPU
	EndGlobalSection
	GlobalSection(SolutionProperties) = preSolution
		HideSolutionNode = FALSE
	EndGlobalSection
	GlobalSection(ExtensibilityGlobals) = postSolution
		SolutionGuid = {BA7EA256-F5A3-4DB5-97C9-B0987C3D6696}
	EndGlobalSection
EndGlobal
